
Microsoft Visual Studio Solution File, Format Version 12.00
# Visual Studio Version 17
VisualStudioVersion = 17.7.34024.191
MinimumVisualStudioVersion = 10.0.40219.1
Project("{8BC9CEB8-8B4A-11D0-8D11-00A0C91BC942}") = "PolygonChecker", "PolygonChecker\PolygonChecker.vcxproj", "{2328FAE1-A1BF-420F-9F0C-C7CCC7F13314}"
EndProject
Project("{8BC9CEB8-8B4A-11D0-8D11-00A0C91BC942}") = "ClassifyPoints - Unit Tests", "ClassifyPoints - Unit Tests\ClassifyPoints - Unit Tests.vcxproj", "{BFBB02FE-3C6E-4823-B5CA-E878539EEC6E}"
EndProject
Project("{8BC9CEB8-8B4A-11D0-8D11-00A0C91BC942}") = "GetPerimeter - Unit Tests", "GetPerimeter - Unit Tests\GetPerimeter - Unit Tests.vcxproj", "{89ED5C77-64CE-4C5F-89A6-2D4441CCD27F}"
EndProject
Global
	GlobalSection(SolutionConfigurationPlatforms) = preSolution
		Debug|x64 = Debug|x64
		Debug|x86 = Debug|x86
		Release|x64 = Release|x64
		Release|x86 = Release|x86
	EndGlobalSection
	GlobalSection(ProjectConfigurationPlatforms) = postSolution
		{2328FAE1-A1BF-420F-9F0C-C7CCC7F13314}.Debug|x64.ActiveCfg = Debug|x64
		{2328FAE1-A1BF-420F-9F0C-C7CCC7F13314}.Debug|x64.Build.0 = Debug|x64
		{2328FAE1-A1BF-420F-9F0C-C7CCC7F13314}.Debug|x86.ActiveCfg = Debug|Win32
		{2328FAE1-A1BF-420F-9F0C-C7CCC7F13314}.Debug|x86.Build.0 = Debug|Win32
		{2328FAE1-A1BF-420F-9F0C-C7CCC7F13314}.Release|x64.ActiveCfg = Release|x64
		{2328FAE1-A1BF-420F-9F0C-C7CCC7F13314}.Release|x64.Build.0 = Release|x64
		{2328FAE1-A1BF-420F-9F0C-C7CCC7F13314}.Release|x86.ActiveCfg = Release|Win32
		{2328FAE1-A1BF-420F-9F0C-C7CCC7F13314}.Release|x86.Build.0 = Release|Win32
		{BFBB02FE-3C6E-4823-B5CA-E878539EEC6E}.Debug|x64.ActiveCfg = Debug|x64
		{BFBB02FE-3C6E-4823-B5CA-E878539EEC6E}.Debug|x64.Build.0 = Debug|x64
		{BFBB02FE-3C6E-4823-B5CA-E878539EEC6E}.Debug|x86.ActiveCfg = Debug|Win32
		{BFBB02FE-3C6E-4823-B5CA-E878539EEC6E}.Debug|x86.Build.0 = Debug|Win32
		{BFBB02FE-3C6E-4823-B5CA-E878539EEC6E}.Release|x64.ActiveCfg = Release|x64
		{BFBB02FE-3C6E-4823-B5CA-E878539EEC6E}.Release|x64.Build.0 = Release|x64
		{BFBB02FE-3C6E-4823-B5CA-E878539EEC6E}.Release|x86.ActiveCfg = Release|Win32
		{BFBB02FE-3C6E-4823-B5CA-E878539EEC6E}.Release|x86.Build.0 = Release|Win32
		{89ED5C77-64CE-4C5F-89A6-2D4441CCD27F}.Debug|x64.ActiveCfg = Debug|x64
		{89ED5C77-64CE-4C5F-89A6-2D4441CCD27F}.Debug|x64.Build.0 = Debug|x64
		{89ED5C77-64CE-4C5F-89A6-2D4441CCD27F}.Debug|x86.ActiveCfg = Debug|Win32
		{89ED5C77-64CE-4C5F-89A6-2D4441CCD27F}.Debug|x86.Build.0 = Debug|Win32
		{89ED5C77-64CE-4C5F-89A6-2D4441CCD27F}.Release|x64.ActiveCfg = Release|x64
		{89ED5C77-64CE-4C5F-89A6-2D4441CCD27F}.Release|x64.Build.0 = Release|x64
		{89ED5C77-64CE-4C5F-89A6-2D4441CCD27F}.Release|x86.ActiveCfg = Release|Win32
		{89ED5C77-64CE-4C5F-89A6-2D4441CCD27F}.Release|x86.Build.0 = Release|Win32
	EndGlobalSection
	GlobalSection(SolutionProperties) = preSolution
		HideSolutionNode = FALSE
	EndGlobalSection
	GlobalSection(ExtensibilityGlobals) = postSolution
		SolutionGuid = {2EB15426-9DAD-4308-B83A-391A646F34D8}
	EndGlobalSection
EndGlobal
