
Microsoft Visual Studio Solution File, Format Version 12.00
# Visual Studio Version 17
VisualStudioVersion = 17.7.34024.191
MinimumVisualStudioVersion = 10.0.40219.1
Project("{8BC9CEB8-8B4A-11D0-8D11-00A0C91BC942}") = "PolygonChecker", "PolygonChecker\PolygonChecker.vcxproj", "{2328FAE1-A1BF-420F-9F0C-C7CCC7F13314}"
EndProject
Project("{8BC9CEB8-8B4A-11D0-8D11-00A0C91BC942}") = "GetArea Test cases", "GetArea Test cases\GetArea Test cases.vcxproj", "{7B02BB4F-539D-4146-9796-B48387E4BD26}"
EndProject
Project("{8BC9CEB8-8B4A-11D0-8D11-00A0C91BC942}") = "Swap Testcases", "Swap Testcases\Swap Testcases.vcxproj", "{CA27C10B-3594-4DF3-A1C6-E1E24632AFAE}"
EndProject
Project("{8BC9CEB8-8B4A-11D0-8D11-00A0C91BC942}") = "CalculateAnglesForPolygon test cases", "CalculateAnglesForPolygon test cases\CalculateAnglesForPolygon test cases.vcxproj", "{48832022-A4E5-42D9-A9C3-5FA28D52F342}"
EndProject
Project("{8BC9CEB8-8B4A-11D0-8D11-00A0C91BC942}") = "solveAnglesTest", "solveAnglesTest\solveAnglesTest.vcxproj", "{91605021-4235-4168-AF4E-0DFA00607AA2}"
EndProject
Project("{8BC9CEB8-8B4A-11D0-8D11-00A0C91BC942}") = "analyzeTriangleTest", "analyzeTriangleTest\analyzeTriangleTest.vcxproj", "{6BFEC5FA-3835-4DDB-AB89-B29D0AE877FF}"
EndProject
Project("{8BC9CEB8-8B4A-11D0-8D11-00A0C91BC942}") = "ClassifyPoints TestCases", "ClassifyPoints TestCases\ClassifyPoints TestCases.vcxproj", "{6B407E31-4223-47F0-985F-C15883FB867F}"
EndProject
Project("{8BC9CEB8-8B4A-11D0-8D11-00A0C91BC942}") = "GetPerimeter TestCases", "GetPerimeter TestCases\GetPerimeter TestCases.vcxproj", "{A21DDA24-5A08-475D-A501-730E1EE8DB06}"
EndProject
Project("{8BC9CEB8-8B4A-11D0-8D11-00A0C91BC942}") = "isTriangle TestCases", "isTriangle TestCases\isTriangle TestCases.vcxproj", "{FE9FCA47-A76E-4F94-A771-21FCE76E721F}"
EndProject
Project("{8BC9CEB8-8B4A-11D0-8D11-00A0C91BC942}") = "pythagTheorem TestCases", "pythagTheorem TestCases\pythagTheorem TestCases.vcxproj", "{64BCA3F8-E8BA-4E56-BC13-DB70DFA83283}"
EndProject
Project("{8BC9CEB8-8B4A-11D0-8D11-00A0C91BC942}") = "getLargestTest", "getLargestTest\getLargestTest.vcxproj", "{C6A993B1-B980-4BD5-9C10-267025C6ECB8}"
EndProject
Project("{8BC9CEB8-8B4A-11D0-8D11-00A0C91BC942}") = "distTest", "distTest\distTest.vcxproj", "{89DC57DB-FEE7-4BF9-BDFD-CAF9283B0E6B}"
EndProject
Global
	GlobalSection(SolutionConfigurationPlatforms) = preSolution
		Debug|x64 = Debug|x64
		Debug|x86 = Debug|x86
		Release|x64 = Release|x64
		Release|x86 = Release|x86
	EndGlobalSection
	GlobalSection(ProjectConfigurationPlatforms) = postSolution
		{2328FAE1-A1BF-420F-9F0C-C7CCC7F13314}.Debug|x64.ActiveCfg = Debug|x64
		{2328FAE1-A1BF-420F-9F0C-C7CCC7F13314}.Debug|x64.Build.0 = Debug|x64
		{2328FAE1-A1BF-420F-9F0C-C7CCC7F13314}.Debug|x86.ActiveCfg = Debug|Win32
		{2328FAE1-A1BF-420F-9F0C-C7CCC7F13314}.Debug|x86.Build.0 = Debug|Win32
		{2328FAE1-A1BF-420F-9F0C-C7CCC7F13314}.Release|x64.ActiveCfg = Release|x64
		{2328FAE1-A1BF-420F-9F0C-C7CCC7F13314}.Release|x64.Build.0 = Release|x64
		{2328FAE1-A1BF-420F-9F0C-C7CCC7F13314}.Release|x86.ActiveCfg = Release|Win32
		{2328FAE1-A1BF-420F-9F0C-C7CCC7F13314}.Release|x86.Build.0 = Release|Win32
		{7B02BB4F-539D-4146-9796-B48387E4BD26}.Debug|x64.ActiveCfg = Debug|x64
		{7B02BB4F-539D-4146-9796-B48387E4BD26}.Debug|x64.Build.0 = Debug|x64
		{7B02BB4F-539D-4146-9796-B48387E4BD26}.Debug|x86.ActiveCfg = Debug|Win32
		{7B02BB4F-539D-4146-9796-B48387E4BD26}.Debug|x86.Build.0 = Debug|Win32
		{7B02BB4F-539D-4146-9796-B48387E4BD26}.Release|x64.ActiveCfg = Release|x64
		{7B02BB4F-539D-4146-9796-B48387E4BD26}.Release|x64.Build.0 = Release|x64
		{7B02BB4F-539D-4146-9796-B48387E4BD26}.Release|x86.ActiveCfg = Release|Win32
		{7B02BB4F-539D-4146-9796-B48387E4BD26}.Release|x86.Build.0 = Release|Win32
		{CA27C10B-3594-4DF3-A1C6-E1E24632AFAE}.Debug|x64.ActiveCfg = Debug|x64
		{CA27C10B-3594-4DF3-A1C6-E1E24632AFAE}.Debug|x64.Build.0 = Debug|x64
		{CA27C10B-3594-4DF3-A1C6-E1E24632AFAE}.Debug|x86.ActiveCfg = Debug|Win32
		{CA27C10B-3594-4DF3-A1C6-E1E24632AFAE}.Debug|x86.Build.0 = Debug|Win32
		{CA27C10B-3594-4DF3-A1C6-E1E24632AFAE}.Release|x64.ActiveCfg = Release|x64
		{CA27C10B-3594-4DF3-A1C6-E1E24632AFAE}.Release|x64.Build.0 = Release|x64
		{CA27C10B-3594-4DF3-A1C6-E1E24632AFAE}.Release|x86.ActiveCfg = Release|Win32
		{CA27C10B-3594-4DF3-A1C6-E1E24632AFAE}.Release|x86.Build.0 = Release|Win32
		{48832022-A4E5-42D9-A9C3-5FA28D52F342}.Debug|x64.ActiveCfg = Debug|x64
		{48832022-A4E5-42D9-A9C3-5FA28D52F342}.Debug|x64.Build.0 = Debug|x64
		{48832022-A4E5-42D9-A9C3-5FA28D52F342}.Debug|x86.ActiveCfg = Debug|Win32
		{48832022-A4E5-42D9-A9C3-5FA28D52F342}.Debug|x86.Build.0 = Debug|Win32
		{48832022-A4E5-42D9-A9C3-5FA28D52F342}.Release|x64.ActiveCfg = Release|x64
		{48832022-A4E5-42D9-A9C3-5FA28D52F342}.Release|x64.Build.0 = Release|x64
		{48832022-A4E5-42D9-A9C3-5FA28D52F342}.Release|x86.ActiveCfg = Release|Win32
		{48832022-A4E5-42D9-A9C3-5FA28D52F342}.Release|x86.Build.0 = Release|Win32
		{91605021-4235-4168-AF4E-0DFA00607AA2}.Debug|x64.ActiveCfg = Debug|x64
		{91605021-4235-4168-AF4E-0DFA00607AA2}.Debug|x64.Build.0 = Debug|x64
		{91605021-4235-4168-AF4E-0DFA00607AA2}.Debug|x86.ActiveCfg = Debug|Win32
		{91605021-4235-4168-AF4E-0DFA00607AA2}.Debug|x86.Build.0 = Debug|Win32
		{91605021-4235-4168-AF4E-0DFA00607AA2}.Release|x64.ActiveCfg = Release|x64
		{91605021-4235-4168-AF4E-0DFA00607AA2}.Release|x64.Build.0 = Release|x64
		{91605021-4235-4168-AF4E-0DFA00607AA2}.Release|x86.ActiveCfg = Release|Win32
		{91605021-4235-4168-AF4E-0DFA00607AA2}.Release|x86.Build.0 = Release|Win32
		{6BFEC5FA-3835-4DDB-AB89-B29D0AE877FF}.Debug|x64.ActiveCfg = Debug|x64
		{6BFEC5FA-3835-4DDB-AB89-B29D0AE877FF}.Debug|x64.Build.0 = Debug|x64
		{6BFEC5FA-3835-4DDB-AB89-B29D0AE877FF}.Debug|x86.ActiveCfg = Debug|Win32
		{6BFEC5FA-3835-4DDB-AB89-B29D0AE877FF}.Debug|x86.Build.0 = Debug|Win32
		{6BFEC5FA-3835-4DDB-AB89-B29D0AE877FF}.Release|x64.ActiveCfg = Release|x64
		{6BFEC5FA-3835-4DDB-AB89-B29D0AE877FF}.Release|x64.Build.0 = Release|x64
		{6BFEC5FA-3835-4DDB-AB89-B29D0AE877FF}.Release|x86.ActiveCfg = Release|Win32
		{6BFEC5FA-3835-4DDB-AB89-B29D0AE877FF}.Release|x86.Build.0 = Release|Win32
		{6B407E31-4223-47F0-985F-C15883FB867F}.Debug|x64.ActiveCfg = Debug|x64
		{6B407E31-4223-47F0-985F-C15883FB867F}.Debug|x64.Build.0 = Debug|x64
		{6B407E31-4223-47F0-985F-C15883FB867F}.Debug|x86.ActiveCfg = Debug|Win32
		{6B407E31-4223-47F0-985F-C15883FB867F}.Debug|x86.Build.0 = Debug|Win32
		{6B407E31-4223-47F0-985F-C15883FB867F}.Release|x64.ActiveCfg = Release|x64
		{6B407E31-4223-47F0-985F-C15883FB867F}.Release|x64.Build.0 = Release|x64
		{6B407E31-4223-47F0-985F-C15883FB867F}.Release|x86.ActiveCfg = Release|Win32
		{6B407E31-4223-47F0-985F-C15883FB867F}.Release|x86.Build.0 = Release|Win32
		{A21DDA24-5A08-475D-A501-730E1EE8DB06}.Debug|x64.ActiveCfg = Debug|x64
		{A21DDA24-5A08-475D-A501-730E1EE8DB06}.Debug|x64.Build.0 = Debug|x64
		{A21DDA24-5A08-475D-A501-730E1EE8DB06}.Debug|x86.ActiveCfg = Debug|Win32
		{A21DDA24-5A08-475D-A501-730E1EE8DB06}.Debug|x86.Build.0 = Debug|Win32
		{A21DDA24-5A08-475D-A501-730E1EE8DB06}.Release|x64.ActiveCfg = Release|x64
		{A21DDA24-5A08-475D-A501-730E1EE8DB06}.Release|x64.Build.0 = Release|x64
		{A21DDA24-5A08-475D-A501-730E1EE8DB06}.Release|x86.ActiveCfg = Release|Win32
		{A21DDA24-5A08-475D-A501-730E1EE8DB06}.Release|x86.Build.0 = Release|Win32
		{FE9FCA47-A76E-4F94-A771-21FCE76E721F}.Debug|x64.ActiveCfg = Debug|x64
		{FE9FCA47-A76E-4F94-A771-21FCE76E721F}.Debug|x64.Build.0 = Debug|x64
		{FE9FCA47-A76E-4F94-A771-21FCE76E721F}.Debug|x86.ActiveCfg = Debug|Win32
		{FE9FCA47-A76E-4F94-A771-21FCE76E721F}.Debug|x86.Build.0 = Debug|Win32
		{FE9FCA47-A76E-4F94-A771-21FCE76E721F}.Release|x64.ActiveCfg = Release|x64
		{FE9FCA47-A76E-4F94-A771-21FCE76E721F}.Release|x64.Build.0 = Release|x64
		{FE9FCA47-A76E-4F94-A771-21FCE76E721F}.Release|x86.ActiveCfg = Release|Win32
		{FE9FCA47-A76E-4F94-A771-21FCE76E721F}.Release|x86.Build.0 = Release|Win32
		{64BCA3F8-E8BA-4E56-BC13-DB70DFA83283}.Debug|x64.ActiveCfg = Debug|x64
		{64BCA3F8-E8BA-4E56-BC13-DB70DFA83283}.Debug|x64.Build.0 = Debug|x64
		{64BCA3F8-E8BA-4E56-BC13-DB70DFA83283}.Debug|x86.ActiveCfg = Debug|Win32
		{64BCA3F8-E8BA-4E56-BC13-DB70DFA83283}.Debug|x86.Build.0 = Debug|Win32
		{64BCA3F8-E8BA-4E56-BC13-DB70DFA83283}.Release|x64.ActiveCfg = Release|x64
		{64BCA3F8-E8BA-4E56-BC13-DB70DFA83283}.Release|x64.Build.0 = Release|x64
		{64BCA3F8-E8BA-4E56-BC13-DB70DFA83283}.Release|x86.ActiveCfg = Release|Win32
		{64BCA3F8-E8BA-4E56-BC13-DB70DFA83283}.Release|x86.Build.0 = Release|Win32
		{C6A993B1-B980-4BD5-9C10-267025C6ECB8}.Debug|x64.ActiveCfg = Debug|x64
		{C6A993B1-B980-4BD5-9C10-267025C6ECB8}.Debug|x64.Build.0 = Debug|x64
		{C6A993B1-B980-4BD5-9C10-267025C6ECB8}.Debug|x86.ActiveCfg = Debug|Win32
		{C6A993B1-B980-4BD5-9C10-267025C6ECB8}.Debug|x86.Build.0 = Debug|Win32
		{C6A993B1-B980-4BD5-9C10-267025C6ECB8}.Release|x64.ActiveCfg = Release|x64
		{C6A993B1-B980-4BD5-9C10-267025C6ECB8}.Release|x64.Build.0 = Release|x64
		{C6A993B1-B980-4BD5-9C10-267025C6ECB8}.Release|x86.ActiveCfg = Release|Win32
		{C6A993B1-B980-4BD5-9C10-267025C6ECB8}.Release|x86.Build.0 = Release|Win32
		{89DC57DB-FEE7-4BF9-BDFD-CAF9283B0E6B}.Debug|x64.ActiveCfg = Debug|x64
		{89DC57DB-FEE7-4BF9-BDFD-CAF9283B0E6B}.Debug|x64.Build.0 = Debug|x64
		{89DC57DB-FEE7-4BF9-BDFD-CAF9283B0E6B}.Debug|x86.ActiveCfg = Debug|Win32
		{89DC57DB-FEE7-4BF9-BDFD-CAF9283B0E6B}.Debug|x86.Build.0 = Debug|Win32
		{89DC57DB-FEE7-4BF9-BDFD-CAF9283B0E6B}.Release|x64.ActiveCfg = Release|x64
		{89DC57DB-FEE7-4BF9-BDFD-CAF9283B0E6B}.Release|x64.Build.0 = Release|x64
		{89DC57DB-FEE7-4BF9-BDFD-CAF9283B0E6B}.Release|x86.ActiveCfg = Release|Win32
		{89DC57DB-FEE7-4BF9-BDFD-CAF9283B0E6B}.Release|x86.Build.0 = Release|Win32
	EndGlobalSection
	GlobalSection(SolutionProperties) = preSolution
		HideSolutionNode = FALSE
	EndGlobalSection
	GlobalSection(ExtensibilityGlobals) = postSolution
		SolutionGuid = {2EB15426-9DAD-4308-B83A-391A646F34D8}
	EndGlobalSection
EndGlobal
